
Microsoft Visual Studio Solution File, Format Version 12.00
# Visual Studio Version 16
VisualStudioVersion = 25.0.1700.5
MinimumVisualStudioVersion = 10.0.40219.1
Project("{FAE04EC0-301F-11D3-BF4B-00C04F79EFBC}") = "DC_Datastore_Function", "DC_Datastore_Function\DC_Datastore_Function.csproj", "{0F49697B-AA99-4702-826E-17B2BBB41FC2}"
EndProject
Global
	GlobalSection(SolutionConfigurationPlatforms) = preSolution
		Debug|Any CPU = Debug|Any CPU
		Release|Any CPU = Release|Any CPU
	EndGlobalSection
	GlobalSection(ProjectConfigurationPlatforms) = postSolution
		{0F49697B-AA99-4702-826E-17B2BBB41FC2}.Debug|Any CPU.ActiveCfg = Debug|Any CPU
		{0F49697B-AA99-4702-826E-17B2BBB41FC2}.Debug|Any CPU.Build.0 = Debug|Any CPU
		{0F49697B-AA99-4702-826E-17B2BBB41FC2}.Release|Any CPU.ActiveCfg = Release|Any CPU
		{0F49697B-AA99-4702-826E-17B2BBB41FC2}.Release|Any CPU.Build.0 = Release|Any CPU
	EndGlobalSection
	GlobalSection(SolutionProperties) = preSolution
		HideSolutionNode = FALSE
	EndGlobalSection
	GlobalSection(ExtensibilityGlobals) = postSolution
		SolutionGuid = {C1510744-587A-41DA-80B2-4F2B28C46E1C}
	EndGlobalSection
EndGlobal
